
Microsoft Visual Studio Solution File, Format Version 12.00
# Visual Studio Version 17
VisualStudioVersion = 17.12.35707.178 d17.12
MinimumVisualStudioVersion = 10.0.40219.1
Project("{FAE04EC0-301F-11D3-BF4B-00C04F79EFBC}") = "PROG6212_CRMS_PART_1", "PROG6212_CRMS_PART_1.csproj", "{BB7BB201-599A-42C9-9814-A9DBD48EE572}"
EndProject
Global
	GlobalSection(SolutionConfigurationPlatforms) = preSolution
		Debug|Any CPU = Debug|Any CPU
		Release|Any CPU = Release|Any CPU
	EndGlobalSection
	GlobalSection(ProjectConfigurationPlatforms) = postSolution
		{BB7BB201-599A-42C9-9814-A9DBD48EE572}.Debug|Any CPU.ActiveCfg = Debug|Any CPU
		{BB7BB201-599A-42C9-9814-A9DBD48EE572}.Debug|Any CPU.Build.0 = Debug|Any CPU
		{BB7BB201-599A-42C9-9814-A9DBD48EE572}.Release|Any CPU.ActiveCfg = Release|Any CPU
		{BB7BB201-599A-42C9-9814-A9DBD48EE572}.Release|Any CPU.Build.0 = Release|Any CPU
	EndGlobalSection
	GlobalSection(SolutionProperties) = preSolution
		HideSolutionNode = FALSE
	EndGlobalSection
EndGlobal
